
Microsoft Visual Studio Solution File, Format Version 12.00
# Visual Studio Version 17
VisualStudioVersion = 17.7.34221.43
MinimumVisualStudioVersion = 10.0.40219.1
Project("{9A19103F-16F7-4668-BE54-9A1E7A4F7556}") = "Orderly.WebAPI", "Orderly.WebAPI\Orderly.WebAPI.csproj", "{71E665FF-0FCA-4F37-93FD-B4D8A2B23412}"
EndProject
Project("{FAE04EC0-301F-11D3-BF4B-00C04F79EFBC}") = "Orderly.Application", "Orderly.Application\Orderly.Application.csproj", "{94C159FF-C237-4F0A-B39A-EBF53B003396}"
EndProject
Project("{FAE04EC0-301F-11D3-BF4B-00C04F79EFBC}") = "Orderly.Infrastructure", "Orderly.Infrastructure\Orderly.Infrastructure.csproj", "{0051D310-87C9-4AE8-8461-300037DC379C}"
EndProject
Global
	GlobalSection(SolutionConfigurationPlatforms) = preSolution
		Debug|Any CPU = Debug|Any CPU
		Release|Any CPU = Release|Any CPU
	EndGlobalSection
	GlobalSection(ProjectConfigurationPlatforms) = postSolution
		{71E665FF-0FCA-4F37-93FD-B4D8A2B23412}.Debug|Any CPU.ActiveCfg = Debug|Any CPU
		{71E665FF-0FCA-4F37-93FD-B4D8A2B23412}.Debug|Any CPU.Build.0 = Debug|Any CPU
		{71E665FF-0FCA-4F37-93FD-B4D8A2B23412}.Release|Any CPU.ActiveCfg = Release|Any CPU
		{71E665FF-0FCA-4F37-93FD-B4D8A2B23412}.Release|Any CPU.Build.0 = Release|Any CPU
		{94C159FF-C237-4F0A-B39A-EBF53B003396}.Debug|Any CPU.ActiveCfg = Debug|Any CPU
		{94C159FF-C237-4F0A-B39A-EBF53B003396}.Debug|Any CPU.Build.0 = Debug|Any CPU
		{94C159FF-C237-4F0A-B39A-EBF53B003396}.Release|Any CPU.ActiveCfg = Release|Any CPU
		{94C159FF-C237-4F0A-B39A-EBF53B003396}.Release|Any CPU.Build.0 = Release|Any CPU
		{0051D310-87C9-4AE8-8461-300037DC379C}.Debug|Any CPU.ActiveCfg = Debug|Any CPU
		{0051D310-87C9-4AE8-8461-300037DC379C}.Debug|Any CPU.Build.0 = Debug|Any CPU
		{0051D310-87C9-4AE8-8461-300037DC379C}.Release|Any CPU.ActiveCfg = Release|Any CPU
		{0051D310-87C9-4AE8-8461-300037DC379C}.Release|Any CPU.Build.0 = Release|Any CPU
	EndGlobalSection
	GlobalSection(SolutionProperties) = preSolution
		HideSolutionNode = FALSE
	EndGlobalSection
	GlobalSection(ExtensibilityGlobals) = postSolution
		SolutionGuid = {C988165E-85EE-4292-94BE-AFC0C47CB9B8}
	EndGlobalSection
EndGlobal
